
Microsoft Visual Studio Solution File, Format Version 11.00
# Visual Studio 2010
Project("{FAE04EC0-301F-11D3-BF4B-00C04F79EFBC}") = "Assembly-CSharp", "Assembly-CSharp.csproj", "{D7F90D62-A554-58D3-46D7-9C4058E7C0AA}"
EndProject
Global
	GlobalSection(SolutionConfigurationPlatforms) = preSolution
		Debug|Any CPU = Debug|Any CPU
		Release|Any CPU = Release|Any CPU
	EndGlobalSection
	GlobalSection(ProjectConfigurationPlatforms) = postSolution
		{D7F90D62-A554-58D3-46D7-9C4058E7C0AA}.Debug|Any CPU.ActiveCfg = Debug|Any CPU
		{D7F90D62-A554-58D3-46D7-9C4058E7C0AA}.Debug|Any CPU.Build.0 = Debug|Any CPU
		{D7F90D62-A554-58D3-46D7-9C4058E7C0AA}.Release|Any CPU.ActiveCfg = Release|Any CPU
		{D7F90D62-A554-58D3-46D7-9C4058E7C0AA}.Release|Any CPU.Build.0 = Release|Any CPU
	EndGlobalSection
	GlobalSection(SolutionProperties) = preSolution
		HideSolutionNode = FALSE
	EndGlobalSection
EndGlobal
